{
  "object": {
    "pins": [
      {
        "package": "ExceptionHandler",
        "repositoryURL": "https://github.com/RocketLaunchpad/ExceptionHandler",
        "state": {
          "branch": null,
          "revision": "6c0e8daceabe3430c4e22090ba64276325127fb0",
          "version": "1.0.0"
        }
      }
    ]
  },
  "version": 1
}
