{
  "object": {
    "pins": [
      {
        "package": "ExceptionHandler",
        "repositoryURL": "https://github.com/RocketLaunchpad/ExceptionHandler",
        "state": {
          "branch": null,
          "revision": "fcdb957a1e738ef3dfaffd916b4e09d578662f86",
          "version": "1.0.0"
        }
      }
    ]
  },
  "version": 1
}
